
Microsoft Visual Studio Solution File, Format Version 12.00
# Visual Studio Version 16
VisualStudioVersion = 16.0.31005.135
MinimumVisualStudioVersion = 10.0.40219.1
Project("{FAE04EC0-301F-11D3-BF4B-00C04F79EFBC}") = "ThemePark", "ThemePark\ThemePark.csproj", "{13C7DD9B-4E37-4004-81C0-901B6907CC9B}"
EndProject
Project("{FAE04EC0-301F-11D3-BF4B-00C04F79EFBC}") = "ThemePark.Tests", "ThemePark.Tests\ThemePark.Tests.csproj", "{3A5908FB-3ABF-4B87-834B-256CD5CAD514}"
EndProject
Global
	GlobalSection(SolutionConfigurationPlatforms) = preSolution
		Debug|Any CPU = Debug|Any CPU
		Release|Any CPU = Release|Any CPU
	EndGlobalSection
	GlobalSection(ProjectConfigurationPlatforms) = postSolution
		{13C7DD9B-4E37-4004-81C0-901B6907CC9B}.Debug|Any CPU.ActiveCfg = Debug|Any CPU
		{13C7DD9B-4E37-4004-81C0-901B6907CC9B}.Debug|Any CPU.Build.0 = Debug|Any CPU
		{13C7DD9B-4E37-4004-81C0-901B6907CC9B}.Release|Any CPU.ActiveCfg = Release|Any CPU
		{13C7DD9B-4E37-4004-81C0-901B6907CC9B}.Release|Any CPU.Build.0 = Release|Any CPU
		{3A5908FB-3ABF-4B87-834B-256CD5CAD514}.Debug|Any CPU.ActiveCfg = Debug|Any CPU
		{3A5908FB-3ABF-4B87-834B-256CD5CAD514}.Debug|Any CPU.Build.0 = Debug|Any CPU
		{3A5908FB-3ABF-4B87-834B-256CD5CAD514}.Release|Any CPU.ActiveCfg = Release|Any CPU
		{3A5908FB-3ABF-4B87-834B-256CD5CAD514}.Release|Any CPU.Build.0 = Release|Any CPU
	EndGlobalSection
	GlobalSection(SolutionProperties) = preSolution
		HideSolutionNode = FALSE
	EndGlobalSection
	GlobalSection(ExtensibilityGlobals) = postSolution
		SolutionGuid = {D03974E3-8BFC-49B3-94F1-44AC075E7480}
	EndGlobalSection
EndGlobal
